
Microsoft Visual Studio Solution File, Format Version 12.00
# Visual Studio Version 16
VisualStudioVersion = 16.0.29418.71
MinimumVisualStudioVersion = 10.0.40219.1
Project("{9A19103F-16F7-4668-BE54-9A1E7A4F7556}") = "ConsoleApp", "ConsoleApp\ConsoleApp.csproj", "{046EBAEA-92E9-4E26-9B95-B4D6496E4546}"
EndProject
Project("{FAE04EC0-301F-11D3-BF4B-00C04F79EFBC}") = "Framework.ConsoleDemo", "Framework.Console\Framework.ConsoleDemo.csproj", "{F16F63D3-94DA-4B14-89ED-F3E73D090EE2}"
EndProject
Project("{9A19103F-16F7-4668-BE54-9A1E7A4F7556}") = "Common", "Common\Common.csproj", "{603992AB-C567-4847-8DB9-F30014B2616E}"
EndProject
Project("{FAE04EC0-301F-11D3-BF4B-00C04F79EFBC}") = "WindowsService1", "WindowsService1\WindowsService1.csproj", "{DFF1582E-8059-4539-B31F-1565D4AA0EF9}"
EndProject
Global
	GlobalSection(SolutionConfigurationPlatforms) = preSolution
		Debug|Any CPU = Debug|Any CPU
		Release|Any CPU = Release|Any CPU
	EndGlobalSection
	GlobalSection(ProjectConfigurationPlatforms) = postSolution
		{046EBAEA-92E9-4E26-9B95-B4D6496E4546}.Debug|Any CPU.ActiveCfg = Debug|Any CPU
		{046EBAEA-92E9-4E26-9B95-B4D6496E4546}.Debug|Any CPU.Build.0 = Debug|Any CPU
		{046EBAEA-92E9-4E26-9B95-B4D6496E4546}.Release|Any CPU.ActiveCfg = Release|Any CPU
		{046EBAEA-92E9-4E26-9B95-B4D6496E4546}.Release|Any CPU.Build.0 = Release|Any CPU
		{F16F63D3-94DA-4B14-89ED-F3E73D090EE2}.Debug|Any CPU.ActiveCfg = Debug|Any CPU
		{F16F63D3-94DA-4B14-89ED-F3E73D090EE2}.Debug|Any CPU.Build.0 = Debug|Any CPU
		{F16F63D3-94DA-4B14-89ED-F3E73D090EE2}.Release|Any CPU.ActiveCfg = Release|Any CPU
		{F16F63D3-94DA-4B14-89ED-F3E73D090EE2}.Release|Any CPU.Build.0 = Release|Any CPU
		{603992AB-C567-4847-8DB9-F30014B2616E}.Debug|Any CPU.ActiveCfg = Debug|Any CPU
		{603992AB-C567-4847-8DB9-F30014B2616E}.Debug|Any CPU.Build.0 = Debug|Any CPU
		{603992AB-C567-4847-8DB9-F30014B2616E}.Release|Any CPU.ActiveCfg = Release|Any CPU
		{603992AB-C567-4847-8DB9-F30014B2616E}.Release|Any CPU.Build.0 = Release|Any CPU
		{DFF1582E-8059-4539-B31F-1565D4AA0EF9}.Debug|Any CPU.ActiveCfg = Debug|Any CPU
		{DFF1582E-8059-4539-B31F-1565D4AA0EF9}.Debug|Any CPU.Build.0 = Debug|Any CPU
		{DFF1582E-8059-4539-B31F-1565D4AA0EF9}.Release|Any CPU.ActiveCfg = Release|Any CPU
		{DFF1582E-8059-4539-B31F-1565D4AA0EF9}.Release|Any CPU.Build.0 = Release|Any CPU
	EndGlobalSection
	GlobalSection(SolutionProperties) = preSolution
		HideSolutionNode = FALSE
	EndGlobalSection
	GlobalSection(ExtensibilityGlobals) = postSolution
		SolutionGuid = {0F1C127E-5356-429F-88E7-138139151283}
	EndGlobalSection
EndGlobal
